
Microsoft Visual Studio Solution File, Format Version 12.00
# Visual Studio Version 16
VisualStudioVersion = 16.0.30330.147
MinimumVisualStudioVersion = 10.0.40219.1
Project("{FAE04EC0-301F-11D3-BF4B-00C04F79EFBC}") = "Arquitecto de Regiones", "Arquitecto de Regiones\Arquitecto de Regiones.csproj", "{D683F553-656F-4505-AB1B-B1668B7A6A29}"
EndProject
Global
	GlobalSection(SolutionConfigurationPlatforms) = preSolution
		Debug|Any CPU = Debug|Any CPU
		Release|Any CPU = Release|Any CPU
	EndGlobalSection
	GlobalSection(ProjectConfigurationPlatforms) = postSolution
		{D683F553-656F-4505-AB1B-B1668B7A6A29}.Debug|Any CPU.ActiveCfg = Debug|Any CPU
		{D683F553-656F-4505-AB1B-B1668B7A6A29}.Debug|Any CPU.Build.0 = Debug|Any CPU
		{D683F553-656F-4505-AB1B-B1668B7A6A29}.Release|Any CPU.ActiveCfg = Release|Any CPU
		{D683F553-656F-4505-AB1B-B1668B7A6A29}.Release|Any CPU.Build.0 = Release|Any CPU
	EndGlobalSection
	GlobalSection(SolutionProperties) = preSolution
		HideSolutionNode = FALSE
	EndGlobalSection
	GlobalSection(ExtensibilityGlobals) = postSolution
		SolutionGuid = {8EB0C6E1-7B41-475A-9D27-0CA0A8E77A82}
	EndGlobalSection
EndGlobal
